
Microsoft Visual Studio Solution File, Format Version 12.00
Project("{FAE04EC0-301F-11D3-BF4B-00C04F79EFBC}") = "WebApplication6", "WebApplication6\WebApplication6.csproj", "{BFB95E7D-B029-455D-9DF6-E4A85624C9AE}"
EndProject
Global
	GlobalSection(SolutionConfigurationPlatforms) = preSolution
		Debug|Any CPU = Debug|Any CPU
		Release|Any CPU = Release|Any CPU
	EndGlobalSection
	GlobalSection(ProjectConfigurationPlatforms) = postSolution
		{BFB95E7D-B029-455D-9DF6-E4A85624C9AE}.Debug|Any CPU.ActiveCfg = Debug|Any CPU
		{BFB95E7D-B029-455D-9DF6-E4A85624C9AE}.Debug|Any CPU.Build.0 = Debug|Any CPU
		{BFB95E7D-B029-455D-9DF6-E4A85624C9AE}.Release|Any CPU.ActiveCfg = Release|Any CPU
		{BFB95E7D-B029-455D-9DF6-E4A85624C9AE}.Release|Any CPU.Build.0 = Release|Any CPU
	EndGlobalSection
EndGlobal
